
Microsoft Visual Studio Solution File, Format Version 12.00
# Visual Studio 2013
VisualStudioVersion = 12.0.30723.0
MinimumVisualStudioVersion = 10.0.40219.1
Project("{FAE04EC0-301F-11D3-BF4B-00C04F79EFBC}") = "BullsAndCows.Services", "BullsAndCows.Services\BullsAndCows.Services.csproj", "{3872272C-B366-4BD3-8A01-B6F935DBCC81}"
EndProject
Project("{FAE04EC0-301F-11D3-BF4B-00C04F79EFBC}") = "BullsAndCows.Data", "BullsAndCows.Data\BullsAndCows.Data.csproj", "{BC27AD7A-5DC3-47B9-99FA-17A76E427C2A}"
EndProject
Project("{FAE04EC0-301F-11D3-BF4B-00C04F79EFBC}") = "BullsAndCows.Models", "BullsAndCows.Models\BullsAndCows.Models.csproj", "{609AB98E-0673-4907-861B-2DF4E444C0ED}"
EndProject
Global
	GlobalSection(SolutionConfigurationPlatforms) = preSolution
		Debug|Any CPU = Debug|Any CPU
		Release|Any CPU = Release|Any CPU
	EndGlobalSection
	GlobalSection(ProjectConfigurationPlatforms) = postSolution
		{3872272C-B366-4BD3-8A01-B6F935DBCC81}.Debug|Any CPU.ActiveCfg = Debug|Any CPU
		{3872272C-B366-4BD3-8A01-B6F935DBCC81}.Debug|Any CPU.Build.0 = Debug|Any CPU
		{3872272C-B366-4BD3-8A01-B6F935DBCC81}.Release|Any CPU.ActiveCfg = Release|Any CPU
		{3872272C-B366-4BD3-8A01-B6F935DBCC81}.Release|Any CPU.Build.0 = Release|Any CPU
		{BC27AD7A-5DC3-47B9-99FA-17A76E427C2A}.Debug|Any CPU.ActiveCfg = Debug|Any CPU
		{BC27AD7A-5DC3-47B9-99FA-17A76E427C2A}.Debug|Any CPU.Build.0 = Debug|Any CPU
		{BC27AD7A-5DC3-47B9-99FA-17A76E427C2A}.Release|Any CPU.ActiveCfg = Release|Any CPU
		{BC27AD7A-5DC3-47B9-99FA-17A76E427C2A}.Release|Any CPU.Build.0 = Release|Any CPU
		{609AB98E-0673-4907-861B-2DF4E444C0ED}.Debug|Any CPU.ActiveCfg = Debug|Any CPU
		{609AB98E-0673-4907-861B-2DF4E444C0ED}.Debug|Any CPU.Build.0 = Debug|Any CPU
		{609AB98E-0673-4907-861B-2DF4E444C0ED}.Release|Any CPU.ActiveCfg = Release|Any CPU
		{609AB98E-0673-4907-861B-2DF4E444C0ED}.Release|Any CPU.Build.0 = Release|Any CPU
	EndGlobalSection
	GlobalSection(SolutionProperties) = preSolution
		HideSolutionNode = FALSE
	EndGlobalSection
EndGlobal
